// !$*UTF8*$!
{
	archiveVersion = 1;
	classes = {
	};
	objectVersion = 46;
	objects = {

/* Begin PBXGroup section */
		DBF7C02614C5E463000BA164 = {
			isa = PBXGroup;
			children = (
			);
			sourceTree = "<group>";
		};
/* End PBXGroup section */

/* Begin PBXProject section */
		DBF7C02814C5E463000BA164 /* Project object */ = {
			isa = PBXProject;
			attributes = {
				LastUpgradeCheck = 0420;
			};
			buildConfigurationList = DBF7C02B14C5E463000BA164 /* Build configuration list for PBXProject "MultiFluidRAMSES" */;
			compatibilityVersion = "Xcode 3.2";
			developmentRegion = English;
			hasScannedForEncodings = 0;
			knownRegions = (
				en,
			);
			mainGroup = DBF7C02614C5E463000BA164;
			projectDirPath = "";
			projectRoot = "";
			targets = (
			);
		};
/* End PBXProject section */

/* Begin XCBuildConfiguration section */
		DBF7C02D14C5E463000BA164 /* Debug */ = {
			isa = XCBuildConfiguration;
			buildSettings = {
			};
			name = Debug;
		};
		DBF7C02E14C5E463000BA164 /* Release */ = {
			isa = XCBuildConfiguration;
			buildSettings = {
			};
			name = Release;
		};
/* End XCBuildConfiguration section */

/* Begin XCConfigurationList section */
		DBF7C02B14C5E463000BA164 /* Build configuration list for PBXProject "MultiFluidRAMSES" */ = {
			isa = XCConfigurationList;
			buildConfigurations = (
				DBF7C02D14C5E463000BA164 /* Debug */,
				DBF7C02E14C5E463000BA164 /* Release */,
			);
			defaultConfigurationIsVisible = 0;
			defaultConfigurationName = Release;
		};
/* End XCConfigurationList section */
	};
	rootObject = DBF7C02814C5E463000BA164 /* Project object */;
}
